// !$*UTF8*$!
{
	archiveVersion = 1;
	classes = {
	};
	objectVersion = 48;
	objects = {

/* Begin PBXBuildFile section */
		4C3E6686209F40F400F5615C /* ResolverScopeNameTests.swift in Sources */ = {isa = PBXBuildFile; fileRef = 4C3E6685209F40F400F5615C /* ResolverScopeNameTests.swift */; };
		4CA30FEE1FBB6C8500217883 /* Resolver.framework in Frameworks */ = {isa = PBXBuildFile; fileRef = 4CA30FE41FBB6C8500217883 /* Resolver.framework */; };
		4CA30FF31FBB6C8500217883 /* ResolverBasicTests.swift in Sources */ = {isa = PBXBuildFile; fileRef = 4CA30FF21FBB6C8500217883 /* ResolverBasicTests.swift */; };
		4CA30FF51FBB6C8500217883 /* Resolver.h in Headers */ = {isa = PBXBuildFile; fileRef = 4CA30FE71FBB6C8500217883 /* Resolver.h */; settings = {ATTRIBUTES = (Public, ); }; };
		4CA310011FBB6DFA00217883 /* Resolver.swift in Sources */ = {isa = PBXBuildFile; fileRef = 4CA30FFF1FBB6DFA00217883 /* Resolver.swift */; };
		4CD4F800206E99440090669A /* TestData.swift in Sources */ = {isa = PBXBuildFile; fileRef = 4CD4F7FF206E99440090669A /* TestData.swift */; };
		4CD4F802206EA9DA0090669A /* ResolverScopeReferenceTests.swift in Sources */ = {isa = PBXBuildFile; fileRef = 4CD4F801206EA9DA0090669A /* ResolverScopeReferenceTests.swift */; };
		4CD4F804206EAC1E0090669A /* ResolverNameTests.swift in Sources */ = {isa = PBXBuildFile; fileRef = 4CD4F803206EAC1E0090669A /* ResolverNameTests.swift */; };
		4CD4F806206EB3940090669A /* ResolverProtocolTests.swift in Sources */ = {isa = PBXBuildFile; fileRef = 4CD4F805206EB3940090669A /* ResolverProtocolTests.swift */; };
		4CD4F808206EB7930090669A /* ResolverContainerTests.swift in Sources */ = {isa = PBXBuildFile; fileRef = 4CD4F807206EB7930090669A /* ResolverContainerTests.swift */; };
		4CD4F80A206EC0E80090669A /* ResolverScopeValueTests.swift in Sources */ = {isa = PBXBuildFile; fileRef = 4CD4F809206EC0E80090669A /* ResolverScopeValueTests.swift */; };
		4CD4F80C206EC8BC0090669A /* ResolverClassTests.swift in Sources */ = {isa = PBXBuildFile; fileRef = 4CD4F80B206EC8BC0090669A /* ResolverClassTests.swift */; };
		4CD4F80E206ECA540090669A /* ResolverStoryboardTests.swift in Sources */ = {isa = PBXBuildFile; fileRef = 4CD4F80D206ECA540090669A /* ResolverStoryboardTests.swift */; };
/* End PBXBuildFile section */

/* Begin PBXContainerItemProxy section */
		4CA30FEF1FBB6C8500217883 /* PBXContainerItemProxy */ = {
			isa = PBXContainerItemProxy;
			containerPortal = 4CA30FDB1FBB6C8500217883 /* Project object */;
			proxyType = 1;
			remoteGlobalIDString = 4CA30FE31FBB6C8500217883;
			remoteInfo = Resolver;
		};
/* End PBXContainerItemProxy section */

/* Begin PBXFileReference section */
		4C3E6685209F40F400F5615C /* ResolverScopeNameTests.swift */ = {isa = PBXFileReference; lastKnownFileType = sourcecode.swift; path = ResolverScopeNameTests.swift; sourceTree = "<group>"; };
		4C76F88A2073B39C00F9E784 /* CHANGELOG */ = {isa = PBXFileReference; lastKnownFileType = text; name = CHANGELOG; path = ../CHANGELOG; sourceTree = "<group>"; };
		4C87FCFD2069D2F700BF6798 /* README.md */ = {isa = PBXFileReference; fileEncoding = 4; lastKnownFileType = net.daringfireball.markdown; name = README.md; path = ../README.md; sourceTree = "<group>"; };
		4C87FD01206A6BAB00BF6798 /* Introduction.md */ = {isa = PBXFileReference; lastKnownFileType = net.daringfireball.markdown; path = Introduction.md; sourceTree = "<group>"; };
		4C87FD02206A6F9C00BF6798 /* Types.md */ = {isa = PBXFileReference; lastKnownFileType = net.daringfireball.markdown; path = Types.md; sourceTree = "<group>"; };
		4C87FD03206A791100BF6798 /* Optionals.md */ = {isa = PBXFileReference; lastKnownFileType = net.daringfireball.markdown; path = Optionals.md; sourceTree = "<group>"; };
		4C87FD04206A979600BF6798 /* Names.md */ = {isa = PBXFileReference; lastKnownFileType = net.daringfireball.markdown; path = Names.md; sourceTree = "<group>"; };
		4C87FD05206A97A600BF6798 /* Scopes.md */ = {isa = PBXFileReference; lastKnownFileType = net.daringfireball.markdown; path = Scopes.md; sourceTree = "<group>"; };
		4C87FD06206AD6FD00BF6798 /* Registration.md */ = {isa = PBXFileReference; lastKnownFileType = net.daringfireball.markdown; path = Registration.md; sourceTree = "<group>"; };
		4C87FD07206ADDBD00BF6798 /* Resolving.md */ = {isa = PBXFileReference; lastKnownFileType = net.daringfireball.markdown; path = Resolving.md; sourceTree = "<group>"; };
		4C87FD08206ADE2A00BF6798 /* Installation.md */ = {isa = PBXFileReference; lastKnownFileType = net.daringfireball.markdown; path = Installation.md; sourceTree = "<group>"; };
		4C87FD09206BF53A00BF6798 /* Containers.md */ = {isa = PBXFileReference; lastKnownFileType = net.daringfireball.markdown; path = Containers.md; sourceTree = "<group>"; };
		4C87FD0A206BF56300BF6798 /* Storyboards.md */ = {isa = PBXFileReference; lastKnownFileType = net.daringfireball.markdown; path = Storyboards.md; sourceTree = "<group>"; };
		4C87FD0B206BF58900BF6798 /* Swinject.md */ = {isa = PBXFileReference; lastKnownFileType = net.daringfireball.markdown; path = Swinject.md; sourceTree = "<group>"; };
		4C87FD0C206BFA0F00BF6798 /* Arguments.md */ = {isa = PBXFileReference; lastKnownFileType = net.daringfireball.markdown; path = Arguments.md; sourceTree = "<group>"; };
		4C87FD0D206BFBBC00BF6798 /* Protocols.md */ = {isa = PBXFileReference; lastKnownFileType = net.daringfireball.markdown; path = Protocols.md; sourceTree = "<group>"; };
		4C87FD0E206BFD5800BF6798 /* Cycle.md */ = {isa = PBXFileReference; lastKnownFileType = net.daringfireball.markdown; path = Cycle.md; sourceTree = "<group>"; };
		4C87FD0F206D207600BF6798 /* Injection.md */ = {isa = PBXFileReference; lastKnownFileType = net.daringfireball.markdown; path = Injection.md; sourceTree = "<group>"; };
		4CA30FE41FBB6C8500217883 /* Resolver.framework */ = {isa = PBXFileReference; explicitFileType = wrapper.framework; includeInIndex = 0; path = Resolver.framework; sourceTree = BUILT_PRODUCTS_DIR; };
		4CA30FE71FBB6C8500217883 /* Resolver.h */ = {isa = PBXFileReference; lastKnownFileType = sourcecode.c.h; path = Resolver.h; sourceTree = "<group>"; };
		4CA30FE81FBB6C8500217883 /* Info.plist */ = {isa = PBXFileReference; lastKnownFileType = text.plist.xml; path = Info.plist; sourceTree = "<group>"; };
		4CA30FED1FBB6C8500217883 /* ResolverTests.xctest */ = {isa = PBXFileReference; explicitFileType = wrapper.cfbundle; includeInIndex = 0; path = ResolverTests.xctest; sourceTree = BUILT_PRODUCTS_DIR; };
		4CA30FF21FBB6C8500217883 /* ResolverBasicTests.swift */ = {isa = PBXFileReference; lastKnownFileType = sourcecode.swift; path = ResolverBasicTests.swift; sourceTree = "<group>"; };
		4CA30FF41FBB6C8500217883 /* Info.plist */ = {isa = PBXFileReference; lastKnownFileType = text.plist.xml; path = Info.plist; sourceTree = "<group>"; };
		4CA30FFF1FBB6DFA00217883 /* Resolver.swift */ = {isa = PBXFileReference; fileEncoding = 4; lastKnownFileType = sourcecode.swift; path = Resolver.swift; sourceTree = "<group>"; };
		4CD4F7FF206E99440090669A /* TestData.swift */ = {isa = PBXFileReference; lastKnownFileType = sourcecode.swift; path = TestData.swift; sourceTree = "<group>"; };
		4CD4F801206EA9DA0090669A /* ResolverScopeReferenceTests.swift */ = {isa = PBXFileReference; lastKnownFileType = sourcecode.swift; path = ResolverScopeReferenceTests.swift; sourceTree = "<group>"; };
		4CD4F803206EAC1E0090669A /* ResolverNameTests.swift */ = {isa = PBXFileReference; lastKnownFileType = sourcecode.swift; path = ResolverNameTests.swift; sourceTree = "<group>"; };
		4CD4F805206EB3940090669A /* ResolverProtocolTests.swift */ = {isa = PBXFileReference; lastKnownFileType = sourcecode.swift; path = ResolverProtocolTests.swift; sourceTree = "<group>"; };
		4CD4F807206EB7930090669A /* ResolverContainerTests.swift */ = {isa = PBXFileReference; lastKnownFileType = sourcecode.swift; path = ResolverContainerTests.swift; sourceTree = "<group>"; };
		4CD4F809206EC0E80090669A /* ResolverScopeValueTests.swift */ = {isa = PBXFileReference; lastKnownFileType = sourcecode.swift; path = ResolverScopeValueTests.swift; sourceTree = "<group>"; };
		4CD4F80B206EC8BC0090669A /* ResolverClassTests.swift */ = {isa = PBXFileReference; lastKnownFileType = sourcecode.swift; path = ResolverClassTests.swift; sourceTree = "<group>"; };
		4CD4F80D206ECA540090669A /* ResolverStoryboardTests.swift */ = {isa = PBXFileReference; lastKnownFileType = sourcecode.swift; path = ResolverStoryboardTests.swift; sourceTree = "<group>"; };
/* End PBXFileReference section */

/* Begin PBXFrameworksBuildPhase section */
		4CA30FE01FBB6C8500217883 /* Frameworks */ = {
			isa = PBXFrameworksBuildPhase;
			buildActionMask = 2147483647;
			files = (
			);
			runOnlyForDeploymentPostprocessing = 0;
		};
		4CA30FEA1FBB6C8500217883 /* Frameworks */ = {
			isa = PBXFrameworksBuildPhase;
			buildActionMask = 2147483647;
			files = (
				4CA30FEE1FBB6C8500217883 /* Resolver.framework in Frameworks */,
			);
			runOnlyForDeploymentPostprocessing = 0;
		};
/* End PBXFrameworksBuildPhase section */

/* Begin PBXGroup section */
		4C87FD00206A6AFA00BF6798 /* Documentation */ = {
			isa = PBXGroup;
			children = (
				4C87FD0C206BFA0F00BF6798 /* Arguments.md */,
				4C87FD09206BF53A00BF6798 /* Containers.md */,
				4C87FD0E206BFD5800BF6798 /* Cycle.md */,
				4C87FD0F206D207600BF6798 /* Injection.md */,
				4C87FD08206ADE2A00BF6798 /* Installation.md */,
				4C87FD01206A6BAB00BF6798 /* Introduction.md */,
				4C87FD04206A979600BF6798 /* Names.md */,
				4C87FD03206A791100BF6798 /* Optionals.md */,
				4C87FD0D206BFBBC00BF6798 /* Protocols.md */,
				4C87FD06206AD6FD00BF6798 /* Registration.md */,
				4C87FD07206ADDBD00BF6798 /* Resolving.md */,
				4C87FD05206A97A600BF6798 /* Scopes.md */,
				4C87FD0A206BF56300BF6798 /* Storyboards.md */,
				4C87FD0B206BF58900BF6798 /* Swinject.md */,
				4C87FD02206A6F9C00BF6798 /* Types.md */,
			);
			name = Documentation;
			path = ../Documentation;
			sourceTree = "<group>";
		};
		4CA30FDA1FBB6C8500217883 = {
			isa = PBXGroup;
			children = (
				4C76F88A2073B39C00F9E784 /* CHANGELOG */,
				4C87FD00206A6AFA00BF6798 /* Documentation */,
				4C87FCFD2069D2F700BF6798 /* README.md */,
				4CA30FE61FBB6C8500217883 /* Resolver */,
				4CA30FF11FBB6C8500217883 /* ResolverTests */,
				4CA30FE51FBB6C8500217883 /* Products */,
			);
			sourceTree = "<group>";
		};
		4CA30FE51FBB6C8500217883 /* Products */ = {
			isa = PBXGroup;
			children = (
				4CA30FE41FBB6C8500217883 /* Resolver.framework */,
				4CA30FED1FBB6C8500217883 /* ResolverTests.xctest */,
			);
			name = Products;
			sourceTree = "<group>";
		};
		4CA30FE61FBB6C8500217883 /* Resolver */ = {
			isa = PBXGroup;
			children = (
				4CA30FE71FBB6C8500217883 /* Resolver.h */,
				4CA30FFE1FBB6D5D00217883 /* Sources */,
				4CA30FE81FBB6C8500217883 /* Info.plist */,
			);
			path = Resolver;
			sourceTree = "<group>";
		};
		4CA30FF11FBB6C8500217883 /* ResolverTests */ = {
			isa = PBXGroup;
			children = (
				4CA30FF41FBB6C8500217883 /* Info.plist */,
				4CA30FF21FBB6C8500217883 /* ResolverBasicTests.swift */,
				4CD4F80B206EC8BC0090669A /* ResolverClassTests.swift */,
				4CD4F803206EAC1E0090669A /* ResolverNameTests.swift */,
				4CD4F807206EB7930090669A /* ResolverContainerTests.swift */,
				4CD4F805206EB3940090669A /* ResolverProtocolTests.swift */,
				4C3E6685209F40F400F5615C /* ResolverScopeNameTests.swift */,
				4CD4F801206EA9DA0090669A /* ResolverScopeReferenceTests.swift */,
				4CD4F809206EC0E80090669A /* ResolverScopeValueTests.swift */,
				4CD4F80D206ECA540090669A /* ResolverStoryboardTests.swift */,
				4CD4F7FF206E99440090669A /* TestData.swift */,
			);
			path = ResolverTests;
			sourceTree = "<group>";
		};
		4CA30FFE1FBB6D5D00217883 /* Sources */ = {
			isa = PBXGroup;
			children = (
				4CA30FFF1FBB6DFA00217883 /* Resolver.swift */,
			);
			name = Sources;
			path = ../../Sources;
			sourceTree = "<group>";
		};
/* End PBXGroup section */

/* Begin PBXHeadersBuildPhase section */
		4CA30FE11FBB6C8500217883 /* Headers */ = {
			isa = PBXHeadersBuildPhase;
			buildActionMask = 2147483647;
			files = (
				4CA30FF51FBB6C8500217883 /* Resolver.h in Headers */,
			);
			runOnlyForDeploymentPostprocessing = 0;
		};
/* End PBXHeadersBuildPhase section */

/* Begin PBXNativeTarget section */
		4CA30FE31FBB6C8500217883 /* Resolver */ = {
			isa = PBXNativeTarget;
			buildConfigurationList = 4CA30FF81FBB6C8500217883 /* Build configuration list for PBXNativeTarget "Resolver" */;
			buildPhases = (
				4CA30FDF1FBB6C8500217883 /* Sources */,
				4CA30FE01FBB6C8500217883 /* Frameworks */,
				4CA30FE11FBB6C8500217883 /* Headers */,
				4CA30FE21FBB6C8500217883 /* Resources */,
			);
			buildRules = (
			);
			dependencies = (
			);
			name = Resolver;
			productName = Resolver;
			productReference = 4CA30FE41FBB6C8500217883 /* Resolver.framework */;
			productType = "com.apple.product-type.framework";
		};
		4CA30FEC1FBB6C8500217883 /* ResolverTests */ = {
			isa = PBXNativeTarget;
			buildConfigurationList = 4CA30FFB1FBB6C8500217883 /* Build configuration list for PBXNativeTarget "ResolverTests" */;
			buildPhases = (
				4CA30FE91FBB6C8500217883 /* Sources */,
				4CA30FEA1FBB6C8500217883 /* Frameworks */,
				4CA30FEB1FBB6C8500217883 /* Resources */,
			);
			buildRules = (
			);
			dependencies = (
				4CA30FF01FBB6C8500217883 /* PBXTargetDependency */,
			);
			name = ResolverTests;
			productName = ResolverTests;
			productReference = 4CA30FED1FBB6C8500217883 /* ResolverTests.xctest */;
			productType = "com.apple.product-type.bundle.unit-test";
		};
/* End PBXNativeTarget section */

/* Begin PBXProject section */
		4CA30FDB1FBB6C8500217883 /* Project object */ = {
			isa = PBXProject;
			attributes = {
				LastSwiftUpdateCheck = 0910;
				LastUpgradeCheck = 0910;
				ORGANIZATIONNAME = com.hmlong;
				TargetAttributes = {
					4CA30FE31FBB6C8500217883 = {
						CreatedOnToolsVersion = 9.1;
						LastSwiftMigration = 0910;
						ProvisioningStyle = Automatic;
					};
					4CA30FEC1FBB6C8500217883 = {
						CreatedOnToolsVersion = 9.1;
						ProvisioningStyle = Automatic;
					};
				};
			};
			buildConfigurationList = 4CA30FDE1FBB6C8500217883 /* Build configuration list for PBXProject "Resolver" */;
			compatibilityVersion = "Xcode 8.0";
			developmentRegion = en;
			hasScannedForEncodings = 0;
			knownRegions = (
				en,
			);
			mainGroup = 4CA30FDA1FBB6C8500217883;
			productRefGroup = 4CA30FE51FBB6C8500217883 /* Products */;
			projectDirPath = "";
			projectRoot = "";
			targets = (
				4CA30FE31FBB6C8500217883 /* Resolver */,
				4CA30FEC1FBB6C8500217883 /* ResolverTests */,
			);
		};
/* End PBXProject section */

/* Begin PBXResourcesBuildPhase section */
		4CA30FE21FBB6C8500217883 /* Resources */ = {
			isa = PBXResourcesBuildPhase;
			buildActionMask = 2147483647;
			files = (
			);
			runOnlyForDeploymentPostprocessing = 0;
		};
		4CA30FEB1FBB6C8500217883 /* Resources */ = {
			isa = PBXResourcesBuildPhase;
			buildActionMask = 2147483647;
			files = (
			);
			runOnlyForDeploymentPostprocessing = 0;
		};
/* End PBXResourcesBuildPhase section */

/* Begin PBXSourcesBuildPhase section */
		4CA30FDF1FBB6C8500217883 /* Sources */ = {
			isa = PBXSourcesBuildPhase;
			buildActionMask = 2147483647;
			files = (
				4CA310011FBB6DFA00217883 /* Resolver.swift in Sources */,
			);
			runOnlyForDeploymentPostprocessing = 0;
		};
		4CA30FE91FBB6C8500217883 /* Sources */ = {
			isa = PBXSourcesBuildPhase;
			buildActionMask = 2147483647;
			files = (
				4CD4F80E206ECA540090669A /* ResolverStoryboardTests.swift in Sources */,
				4CD4F804206EAC1E0090669A /* ResolverNameTests.swift in Sources */,
				4CA30FF31FBB6C8500217883 /* ResolverBasicTests.swift in Sources */,
				4CD4F806206EB3940090669A /* ResolverProtocolTests.swift in Sources */,
				4CD4F808206EB7930090669A /* ResolverContainerTests.swift in Sources */,
				4CD4F80A206EC0E80090669A /* ResolverScopeValueTests.swift in Sources */,
				4CD4F800206E99440090669A /* TestData.swift in Sources */,
				4C3E6686209F40F400F5615C /* ResolverScopeNameTests.swift in Sources */,
				4CD4F80C206EC8BC0090669A /* ResolverClassTests.swift in Sources */,
				4CD4F802206EA9DA0090669A /* ResolverScopeReferenceTests.swift in Sources */,
			);
			runOnlyForDeploymentPostprocessing = 0;
		};
/* End PBXSourcesBuildPhase section */

/* Begin PBXTargetDependency section */
		4CA30FF01FBB6C8500217883 /* PBXTargetDependency */ = {
			isa = PBXTargetDependency;
			target = 4CA30FE31FBB6C8500217883 /* Resolver */;
			targetProxy = 4CA30FEF1FBB6C8500217883 /* PBXContainerItemProxy */;
		};
/* End PBXTargetDependency section */

/* Begin XCBuildConfiguration section */
		4CA30FF61FBB6C8500217883 /* Debug */ = {
			isa = XCBuildConfiguration;
			buildSettings = {
				ALWAYS_SEARCH_USER_PATHS = NO;
				CLANG_ANALYZER_NONNULL = YES;
				CLANG_ANALYZER_NUMBER_OBJECT_CONVERSION = YES_AGGRESSIVE;
				CLANG_CXX_LANGUAGE_STANDARD = "gnu++14";
				CLANG_CXX_LIBRARY = "libc++";
				CLANG_ENABLE_MODULES = YES;
				CLANG_ENABLE_OBJC_ARC = YES;
				CLANG_WARN_BLOCK_CAPTURE_AUTORELEASING = YES;
				CLANG_WARN_BOOL_CONVERSION = YES;
				CLANG_WARN_COMMA = YES;
				CLANG_WARN_CONSTANT_CONVERSION = YES;
				CLANG_WARN_DIRECT_OBJC_ISA_USAGE = YES_ERROR;
				CLANG_WARN_DOCUMENTATION_COMMENTS = YES;
				CLANG_WARN_EMPTY_BODY = YES;
				CLANG_WARN_ENUM_CONVERSION = YES;
				CLANG_WARN_INFINITE_RECURSION = YES;
				CLANG_WARN_INT_CONVERSION = YES;
				CLANG_WARN_NON_LITERAL_NULL_CONVERSION = YES;
				CLANG_WARN_OBJC_LITERAL_CONVERSION = YES;
				CLANG_WARN_OBJC_ROOT_CLASS = YES_ERROR;
				CLANG_WARN_RANGE_LOOP_ANALYSIS = YES;
				CLANG_WARN_STRICT_PROTOTYPES = YES;
				CLANG_WARN_SUSPICIOUS_MOVE = YES;
				CLANG_WARN_UNGUARDED_AVAILABILITY = YES_AGGRESSIVE;
				CLANG_WARN_UNREACHABLE_CODE = YES;
				CLANG_WARN__DUPLICATE_METHOD_MATCH = YES;
				CODE_SIGN_IDENTITY = "iPhone Developer";
				COPY_PHASE_STRIP = NO;
				CURRENT_PROJECT_VERSION = 1;
				DEBUG_INFORMATION_FORMAT = dwarf;
				ENABLE_STRICT_OBJC_MSGSEND = YES;
				ENABLE_TESTABILITY = YES;
				GCC_C_LANGUAGE_STANDARD = gnu11;
				GCC_DYNAMIC_NO_PIC = NO;
				GCC_NO_COMMON_BLOCKS = YES;
				GCC_OPTIMIZATION_LEVEL = 0;
				GCC_PREPROCESSOR_DEFINITIONS = (
					"DEBUG=1",
					"$(inherited)",
				);
				GCC_WARN_64_TO_32_BIT_CONVERSION = YES;
				GCC_WARN_ABOUT_RETURN_TYPE = YES_ERROR;
				GCC_WARN_UNDECLARED_SELECTOR = YES;
				GCC_WARN_UNINITIALIZED_AUTOS = YES_AGGRESSIVE;
				GCC_WARN_UNUSED_FUNCTION = YES;
				GCC_WARN_UNUSED_VARIABLE = YES;
				IPHONEOS_DEPLOYMENT_TARGET = 11.1;
				MTL_ENABLE_DEBUG_INFO = YES;
				ONLY_ACTIVE_ARCH = YES;
				SDKROOT = iphoneos;
				SWIFT_ACTIVE_COMPILATION_CONDITIONS = DEBUG;
				SWIFT_OPTIMIZATION_LEVEL = "-Onone";
				SWIFT_VERSION = 4.0;
				VERSIONING_SYSTEM = "apple-generic";
				VERSION_INFO_PREFIX = "";
			};
			name = Debug;
		};
		4CA30FF71FBB6C8500217883 /* Release */ = {
			isa = XCBuildConfiguration;
			buildSettings = {
				ALWAYS_SEARCH_USER_PATHS = NO;
				CLANG_ANALYZER_NONNULL = YES;
				CLANG_ANALYZER_NUMBER_OBJECT_CONVERSION = YES_AGGRESSIVE;
				CLANG_CXX_LANGUAGE_STANDARD = "gnu++14";
				CLANG_CXX_LIBRARY = "libc++";
				CLANG_ENABLE_MODULES = YES;
				CLANG_ENABLE_OBJC_ARC = YES;
				CLANG_WARN_BLOCK_CAPTURE_AUTORELEASING = YES;
				CLANG_WARN_BOOL_CONVERSION = YES;
				CLANG_WARN_COMMA = YES;
				CLANG_WARN_CONSTANT_CONVERSION = YES;
				CLANG_WARN_DIRECT_OBJC_ISA_USAGE = YES_ERROR;
				CLANG_WARN_DOCUMENTATION_COMMENTS = YES;
				CLANG_WARN_EMPTY_BODY = YES;
				CLANG_WARN_ENUM_CONVERSION = YES;
				CLANG_WARN_INFINITE_RECURSION = YES;
				CLANG_WARN_INT_CONVERSION = YES;
				CLANG_WARN_NON_LITERAL_NULL_CONVERSION = YES;
				CLANG_WARN_OBJC_LITERAL_CONVERSION = YES;
				CLANG_WARN_OBJC_ROOT_CLASS = YES_ERROR;
				CLANG_WARN_RANGE_LOOP_ANALYSIS = YES;
				CLANG_WARN_STRICT_PROTOTYPES = YES;
				CLANG_WARN_SUSPICIOUS_MOVE = YES;
				CLANG_WARN_UNGUARDED_AVAILABILITY = YES_AGGRESSIVE;
				CLANG_WARN_UNREACHABLE_CODE = YES;
				CLANG_WARN__DUPLICATE_METHOD_MATCH = YES;
				CODE_SIGN_IDENTITY = "iPhone Developer";
				COPY_PHASE_STRIP = NO;
				CURRENT_PROJECT_VERSION = 1;
				DEBUG_INFORMATION_FORMAT = "dwarf-with-dsym";
				ENABLE_NS_ASSERTIONS = NO;
				ENABLE_STRICT_OBJC_MSGSEND = YES;
				GCC_C_LANGUAGE_STANDARD = gnu11;
				GCC_NO_COMMON_BLOCKS = YES;
				GCC_WARN_64_TO_32_BIT_CONVERSION = YES;
				GCC_WARN_ABOUT_RETURN_TYPE = YES_ERROR;
				GCC_WARN_UNDECLARED_SELECTOR = YES;
				GCC_WARN_UNINITIALIZED_AUTOS = YES_AGGRESSIVE;
				GCC_WARN_UNUSED_FUNCTION = YES;
				GCC_WARN_UNUSED_VARIABLE = YES;
				IPHONEOS_DEPLOYMENT_TARGET = 11.1;
				MTL_ENABLE_DEBUG_INFO = NO;
				SDKROOT = iphoneos;
				SWIFT_OPTIMIZATION_LEVEL = "-Owholemodule";
				SWIFT_VERSION = 4.0;
				VALIDATE_PRODUCT = YES;
				VERSIONING_SYSTEM = "apple-generic";
				VERSION_INFO_PREFIX = "";
			};
			name = Release;
		};
		4CA30FF91FBB6C8500217883 /* Debug */ = {
			isa = XCBuildConfiguration;
			buildSettings = {
				CLANG_ENABLE_MODULES = YES;
				CODE_SIGN_IDENTITY = "";
				CODE_SIGN_STYLE = Automatic;
				DEFINES_MODULE = YES;
				DEVELOPMENT_TEAM = 9ZVHDWC4WU;
				DYLIB_COMPATIBILITY_VERSION = 1;
				DYLIB_CURRENT_VERSION = 1;
				DYLIB_INSTALL_NAME_BASE = "@rpath";
				INFOPLIST_FILE = Resolver/Info.plist;
				INSTALL_PATH = "$(LOCAL_LIBRARY_DIR)/Frameworks";
				LD_RUNPATH_SEARCH_PATHS = "$(inherited) @executable_path/Frameworks @loader_path/Frameworks";
				PRODUCT_BUNDLE_IDENTIFIER = com.hmlong.Resolver;
				PRODUCT_NAME = "$(TARGET_NAME:c99extidentifier)";
				SKIP_INSTALL = YES;
				SWIFT_OPTIMIZATION_LEVEL = "-Onone";
				SWIFT_VERSION = 4.0;
				TARGETED_DEVICE_FAMILY = "1,2";
			};
			name = Debug;
		};
		4CA30FFA1FBB6C8500217883 /* Release */ = {
			isa = XCBuildConfiguration;
			buildSettings = {
				CLANG_ENABLE_MODULES = YES;
				CODE_SIGN_IDENTITY = "";
				CODE_SIGN_STYLE = Automatic;
				DEFINES_MODULE = YES;
				DEVELOPMENT_TEAM = 9ZVHDWC4WU;
				DYLIB_COMPATIBILITY_VERSION = 1;
				DYLIB_CURRENT_VERSION = 1;
				DYLIB_INSTALL_NAME_BASE = "@rpath";
				INFOPLIST_FILE = Resolver/Info.plist;
				INSTALL_PATH = "$(LOCAL_LIBRARY_DIR)/Frameworks";
				LD_RUNPATH_SEARCH_PATHS = "$(inherited) @executable_path/Frameworks @loader_path/Frameworks";
				PRODUCT_BUNDLE_IDENTIFIER = com.hmlong.Resolver;
				PRODUCT_NAME = "$(TARGET_NAME:c99extidentifier)";
				SKIP_INSTALL = YES;
				SWIFT_VERSION = 4.0;
				TARGETED_DEVICE_FAMILY = "1,2";
			};
			name = Release;
		};
		4CA30FFC1FBB6C8500217883 /* Debug */ = {
			isa = XCBuildConfiguration;
			buildSettings = {
				ALWAYS_EMBED_SWIFT_STANDARD_LIBRARIES = YES;
				CODE_SIGN_STYLE = Automatic;
				DEVELOPMENT_TEAM = 9ZVHDWC4WU;
				INFOPLIST_FILE = ResolverTests/Info.plist;
				LD_RUNPATH_SEARCH_PATHS = "$(inherited) @executable_path/Frameworks @loader_path/Frameworks";
				PRODUCT_BUNDLE_IDENTIFIER = com.hmlong.ResolverTests;
				PRODUCT_NAME = "$(TARGET_NAME)";
				SWIFT_VERSION = 4.0;
				TARGETED_DEVICE_FAMILY = "1,2";
			};
			name = Debug;
		};
		4CA30FFD1FBB6C8500217883 /* Release */ = {
			isa = XCBuildConfiguration;
			buildSettings = {
				ALWAYS_EMBED_SWIFT_STANDARD_LIBRARIES = YES;
				CODE_SIGN_STYLE = Automatic;
				DEVELOPMENT_TEAM = 9ZVHDWC4WU;
				INFOPLIST_FILE = ResolverTests/Info.plist;
				LD_RUNPATH_SEARCH_PATHS = "$(inherited) @executable_path/Frameworks @loader_path/Frameworks";
				PRODUCT_BUNDLE_IDENTIFIER = com.hmlong.ResolverTests;
				PRODUCT_NAME = "$(TARGET_NAME)";
				SWIFT_VERSION = 4.0;
				TARGETED_DEVICE_FAMILY = "1,2";
			};
			name = Release;
		};
/* End XCBuildConfiguration section */

/* Begin XCConfigurationList section */
		4CA30FDE1FBB6C8500217883 /* Build configuration list for PBXProject "Resolver" */ = {
			isa = XCConfigurationList;
			buildConfigurations = (
				4CA30FF61FBB6C8500217883 /* Debug */,
				4CA30FF71FBB6C8500217883 /* Release */,
			);
			defaultConfigurationIsVisible = 0;
			defaultConfigurationName = Release;
		};
		4CA30FF81FBB6C8500217883 /* Build configuration list for PBXNativeTarget "Resolver" */ = {
			isa = XCConfigurationList;
			buildConfigurations = (
				4CA30FF91FBB6C8500217883 /* Debug */,
				4CA30FFA1FBB6C8500217883 /* Release */,
			);
			defaultConfigurationIsVisible = 0;
			defaultConfigurationName = Release;
		};
		4CA30FFB1FBB6C8500217883 /* Build configuration list for PBXNativeTarget "ResolverTests" */ = {
			isa = XCConfigurationList;
			buildConfigurations = (
				4CA30FFC1FBB6C8500217883 /* Debug */,
				4CA30FFD1FBB6C8500217883 /* Release */,
			);
			defaultConfigurationIsVisible = 0;
			defaultConfigurationName = Release;
		};
/* End XCConfigurationList section */
	};
	rootObject = 4CA30FDB1FBB6C8500217883 /* Project object */;
}
